
Microsoft Visual Studio Solution File, Format Version 12.00
# Visual Studio 14
VisualStudioVersion = 14.0.25420.1
MinimumVisualStudioVersion = 10.0.40219.1
Project("{FAE04EC0-301F-11D3-BF4B-00C04F79EFBC}") = "Shopping", "Shopping\Shopping.csproj", "{F621E717-1FEF-476A-A291-A04A15522588}"
EndProject
Project("{FAE04EC0-301F-11D3-BF4B-00C04F79EFBC}") = "DomainModels", "DomainModels\DomainModels.csproj", "{101F8B30-1016-44DF-8AE8-C511AE89AC69}"
EndProject
Project("{FAE04EC0-301F-11D3-BF4B-00C04F79EFBC}") = "Repository", "Repository\Repository.csproj", "{8972D81F-10FC-475D-AFA5-62409C7AAF6C}"
EndProject
Project("{FAE04EC0-301F-11D3-BF4B-00C04F79EFBC}") = "UnitTestProjectShopping", "UnitTestProjectShopping\UnitTestProjectShopping.csproj", "{0F114881-3D9B-48A9-91E2-6A0513462D43}"
EndProject
Global
	GlobalSection(SolutionConfigurationPlatforms) = preSolution
		Debug|Any CPU = Debug|Any CPU
		Release|Any CPU = Release|Any CPU
	EndGlobalSection
	GlobalSection(ProjectConfigurationPlatforms) = postSolution
		{F621E717-1FEF-476A-A291-A04A15522588}.Debug|Any CPU.ActiveCfg = Debug|Any CPU
		{F621E717-1FEF-476A-A291-A04A15522588}.Debug|Any CPU.Build.0 = Debug|Any CPU
		{F621E717-1FEF-476A-A291-A04A15522588}.Release|Any CPU.ActiveCfg = Release|Any CPU
		{F621E717-1FEF-476A-A291-A04A15522588}.Release|Any CPU.Build.0 = Release|Any CPU
		{101F8B30-1016-44DF-8AE8-C511AE89AC69}.Debug|Any CPU.ActiveCfg = Debug|Any CPU
		{101F8B30-1016-44DF-8AE8-C511AE89AC69}.Debug|Any CPU.Build.0 = Debug|Any CPU
		{101F8B30-1016-44DF-8AE8-C511AE89AC69}.Release|Any CPU.ActiveCfg = Release|Any CPU
		{101F8B30-1016-44DF-8AE8-C511AE89AC69}.Release|Any CPU.Build.0 = Release|Any CPU
		{8972D81F-10FC-475D-AFA5-62409C7AAF6C}.Debug|Any CPU.ActiveCfg = Debug|Any CPU
		{8972D81F-10FC-475D-AFA5-62409C7AAF6C}.Debug|Any CPU.Build.0 = Debug|Any CPU
		{8972D81F-10FC-475D-AFA5-62409C7AAF6C}.Release|Any CPU.ActiveCfg = Release|Any CPU
		{8972D81F-10FC-475D-AFA5-62409C7AAF6C}.Release|Any CPU.Build.0 = Release|Any CPU
		{0F114881-3D9B-48A9-91E2-6A0513462D43}.Debug|Any CPU.ActiveCfg = Debug|Any CPU
		{0F114881-3D9B-48A9-91E2-6A0513462D43}.Debug|Any CPU.Build.0 = Debug|Any CPU
		{0F114881-3D9B-48A9-91E2-6A0513462D43}.Release|Any CPU.ActiveCfg = Release|Any CPU
		{0F114881-3D9B-48A9-91E2-6A0513462D43}.Release|Any CPU.Build.0 = Release|Any CPU
	EndGlobalSection
	GlobalSection(SolutionProperties) = preSolution
		HideSolutionNode = FALSE
	EndGlobalSection
EndGlobal
